// !$*UTF8*$!
{
	archiveVersion = 1;
	classes = {
	};
	objectVersion = 52;
	objects = {

/* Begin PBXBuildFile section */
		1A0F0BD22614A0DF00E27BD2 /* TimelaneCombine in Frameworks */ = {isa = PBXBuildFile; productRef = 1A0F0BD12614A0DF00E27BD2 /* TimelaneCombine */; };
		1A6145772600F02F00450F13 /* CombineHelpers.swift in Sources */ = {isa = PBXBuildFile; fileRef = 1A6145762600F02F00450F13 /* CombineHelpers.swift */; };
		1AAE604025FFB15800DD87D4 /* AppDelegate.swift in Sources */ = {isa = PBXBuildFile; fileRef = 1AAE603F25FFB15800DD87D4 /* AppDelegate.swift */; };
		1AAE604225FFB15800DD87D4 /* SceneDelegate.swift in Sources */ = {isa = PBXBuildFile; fileRef = 1AAE604125FFB15800DD87D4 /* SceneDelegate.swift */; };
		1AAE604425FFB15800DD87D4 /* ViewController.swift in Sources */ = {isa = PBXBuildFile; fileRef = 1AAE604325FFB15800DD87D4 /* ViewController.swift */; };
		1AAE604725FFB15800DD87D4 /* Main.storyboard in Resources */ = {isa = PBXBuildFile; fileRef = 1AAE604525FFB15800DD87D4 /* Main.storyboard */; };
		1AAE604925FFB15E00DD87D4 /* Assets.xcassets in Resources */ = {isa = PBXBuildFile; fileRef = 1AAE604825FFB15E00DD87D4 /* Assets.xcassets */; };
		1AAE604C25FFB15E00DD87D4 /* LaunchScreen.storyboard in Resources */ = {isa = PBXBuildFile; fileRef = 1AAE604A25FFB15E00DD87D4 /* LaunchScreen.storyboard */; };
		1AAE605525FFB5F300DD87D4 /* AuthService.swift in Sources */ = {isa = PBXBuildFile; fileRef = 1AAE605425FFB5F300DD87D4 /* AuthService.swift */; };
/* End PBXBuildFile section */

/* Begin PBXFileReference section */
		1A6145762600F02F00450F13 /* CombineHelpers.swift */ = {isa = PBXFileReference; lastKnownFileType = sourcecode.swift; path = CombineHelpers.swift; sourceTree = "<group>"; };
		1AAE603C25FFB15800DD87D4 /* CombineLoginForm.app */ = {isa = PBXFileReference; explicitFileType = wrapper.application; includeInIndex = 0; path = CombineLoginForm.app; sourceTree = BUILT_PRODUCTS_DIR; };
		1AAE603F25FFB15800DD87D4 /* AppDelegate.swift */ = {isa = PBXFileReference; lastKnownFileType = sourcecode.swift; path = AppDelegate.swift; sourceTree = "<group>"; };
		1AAE604125FFB15800DD87D4 /* SceneDelegate.swift */ = {isa = PBXFileReference; lastKnownFileType = sourcecode.swift; path = SceneDelegate.swift; sourceTree = "<group>"; };
		1AAE604325FFB15800DD87D4 /* ViewController.swift */ = {isa = PBXFileReference; lastKnownFileType = sourcecode.swift; path = ViewController.swift; sourceTree = "<group>"; };
		1AAE604625FFB15800DD87D4 /* Base */ = {isa = PBXFileReference; lastKnownFileType = file.storyboard; name = Base; path = Base.lproj/Main.storyboard; sourceTree = "<group>"; };
		1AAE604825FFB15E00DD87D4 /* Assets.xcassets */ = {isa = PBXFileReference; lastKnownFileType = folder.assetcatalog; path = Assets.xcassets; sourceTree = "<group>"; };
		1AAE604B25FFB15E00DD87D4 /* Base */ = {isa = PBXFileReference; lastKnownFileType = file.storyboard; name = Base; path = Base.lproj/LaunchScreen.storyboard; sourceTree = "<group>"; };
		1AAE604D25FFB15E00DD87D4 /* Info.plist */ = {isa = PBXFileReference; lastKnownFileType = text.plist.xml; path = Info.plist; sourceTree = "<group>"; };
		1AAE605425FFB5F300DD87D4 /* AuthService.swift */ = {isa = PBXFileReference; lastKnownFileType = sourcecode.swift; path = AuthService.swift; sourceTree = "<group>"; };
/* End PBXFileReference section */

/* Begin PBXFrameworksBuildPhase section */
		1AAE603925FFB15800DD87D4 /* Frameworks */ = {
			isa = PBXFrameworksBuildPhase;
			buildActionMask = 2147483647;
			files = (
				1A0F0BD22614A0DF00E27BD2 /* TimelaneCombine in Frameworks */,
			);
			runOnlyForDeploymentPostprocessing = 0;
		};
/* End PBXFrameworksBuildPhase section */

/* Begin PBXGroup section */
		1AAE603325FFB15800DD87D4 = {
			isa = PBXGroup;
			children = (
				1AAE603E25FFB15800DD87D4 /* CombineLoginForm */,
				1AAE603D25FFB15800DD87D4 /* Products */,
			);
			sourceTree = "<group>";
		};
		1AAE603D25FFB15800DD87D4 /* Products */ = {
			isa = PBXGroup;
			children = (
				1AAE603C25FFB15800DD87D4 /* CombineLoginForm.app */,
			);
			name = Products;
			sourceTree = "<group>";
		};
		1AAE603E25FFB15800DD87D4 /* CombineLoginForm */ = {
			isa = PBXGroup;
			children = (
				1AAE603F25FFB15800DD87D4 /* AppDelegate.swift */,
				1AAE604125FFB15800DD87D4 /* SceneDelegate.swift */,
				1AAE604325FFB15800DD87D4 /* ViewController.swift */,
				1AAE604525FFB15800DD87D4 /* Main.storyboard */,
				1AAE604825FFB15E00DD87D4 /* Assets.xcassets */,
				1AAE604A25FFB15E00DD87D4 /* LaunchScreen.storyboard */,
				1AAE604D25FFB15E00DD87D4 /* Info.plist */,
				1AAE605425FFB5F300DD87D4 /* AuthService.swift */,
				1A6145762600F02F00450F13 /* CombineHelpers.swift */,
			);
			path = CombineLoginForm;
			sourceTree = "<group>";
		};
/* End PBXGroup section */

/* Begin PBXNativeTarget section */
		1AAE603B25FFB15800DD87D4 /* CombineLoginForm */ = {
			isa = PBXNativeTarget;
			buildConfigurationList = 1AAE605025FFB15E00DD87D4 /* Build configuration list for PBXNativeTarget "CombineLoginForm" */;
			buildPhases = (
				1AAE603825FFB15800DD87D4 /* Sources */,
				1AAE603925FFB15800DD87D4 /* Frameworks */,
				1AAE603A25FFB15800DD87D4 /* Resources */,
			);
			buildRules = (
			);
			dependencies = (
			);
			name = CombineLoginForm;
			packageProductDependencies = (
				1A0F0BD12614A0DF00E27BD2 /* TimelaneCombine */,
			);
			productName = CombineLoginForm;
			productReference = 1AAE603C25FFB15800DD87D4 /* CombineLoginForm.app */;
			productType = "com.apple.product-type.application";
		};
/* End PBXNativeTarget section */

/* Begin PBXProject section */
		1AAE603425FFB15800DD87D4 /* Project object */ = {
			isa = PBXProject;
			attributes = {
				LastSwiftUpdateCheck = 1240;
				LastUpgradeCheck = 1240;
				TargetAttributes = {
					1AAE603B25FFB15800DD87D4 = {
						CreatedOnToolsVersion = 12.4;
					};
				};
			};
			buildConfigurationList = 1AAE603725FFB15800DD87D4 /* Build configuration list for PBXProject "CombineLoginForm" */;
			compatibilityVersion = "Xcode 9.3";
			developmentRegion = en;
			hasScannedForEncodings = 0;
			knownRegions = (
				en,
				Base,
			);
			mainGroup = 1AAE603325FFB15800DD87D4;
			packageReferences = (
				1A0F0BD02614A0DF00E27BD2 /* XCRemoteSwiftPackageReference "TimelaneCombine" */,
			);
			productRefGroup = 1AAE603D25FFB15800DD87D4 /* Products */;
			projectDirPath = "";
			projectRoot = "";
			targets = (
				1AAE603B25FFB15800DD87D4 /* CombineLoginForm */,
			);
		};
/* End PBXProject section */

/* Begin PBXResourcesBuildPhase section */
		1AAE603A25FFB15800DD87D4 /* Resources */ = {
			isa = PBXResourcesBuildPhase;
			buildActionMask = 2147483647;
			files = (
				1AAE604C25FFB15E00DD87D4 /* LaunchScreen.storyboard in Resources */,
				1AAE604925FFB15E00DD87D4 /* Assets.xcassets in Resources */,
				1AAE604725FFB15800DD87D4 /* Main.storyboard in Resources */,
			);
			runOnlyForDeploymentPostprocessing = 0;
		};
/* End PBXResourcesBuildPhase section */

/* Begin PBXSourcesBuildPhase section */
		1AAE603825FFB15800DD87D4 /* Sources */ = {
			isa = PBXSourcesBuildPhase;
			buildActionMask = 2147483647;
			files = (
				1AAE604425FFB15800DD87D4 /* ViewController.swift in Sources */,
				1AAE604025FFB15800DD87D4 /* AppDelegate.swift in Sources */,
				1AAE604225FFB15800DD87D4 /* SceneDelegate.swift in Sources */,
				1A6145772600F02F00450F13 /* CombineHelpers.swift in Sources */,
				1AAE605525FFB5F300DD87D4 /* AuthService.swift in Sources */,
			);
			runOnlyForDeploymentPostprocessing = 0;
		};
/* End PBXSourcesBuildPhase section */

/* Begin PBXVariantGroup section */
		1AAE604525FFB15800DD87D4 /* Main.storyboard */ = {
			isa = PBXVariantGroup;
			children = (
				1AAE604625FFB15800DD87D4 /* Base */,
			);
			name = Main.storyboard;
			sourceTree = "<group>";
		};
		1AAE604A25FFB15E00DD87D4 /* LaunchScreen.storyboard */ = {
			isa = PBXVariantGroup;
			children = (
				1AAE604B25FFB15E00DD87D4 /* Base */,
			);
			name = LaunchScreen.storyboard;
			sourceTree = "<group>";
		};
/* End PBXVariantGroup section */

/* Begin XCBuildConfiguration section */
		1AAE604E25FFB15E00DD87D4 /* Debug */ = {
			isa = XCBuildConfiguration;
			buildSettings = {
				ALWAYS_SEARCH_USER_PATHS = NO;
				CLANG_ANALYZER_NONNULL = YES;
				CLANG_ANALYZER_NUMBER_OBJECT_CONVERSION = YES_AGGRESSIVE;
				CLANG_CXX_LANGUAGE_STANDARD = "gnu++14";
				CLANG_CXX_LIBRARY = "libc++";
				CLANG_ENABLE_MODULES = YES;
				CLANG_ENABLE_OBJC_ARC = YES;
				CLANG_ENABLE_OBJC_WEAK = YES;
				CLANG_WARN_BLOCK_CAPTURE_AUTORELEASING = YES;
				CLANG_WARN_BOOL_CONVERSION = YES;
				CLANG_WARN_COMMA = YES;
				CLANG_WARN_CONSTANT_CONVERSION = YES;
				CLANG_WARN_DEPRECATED_OBJC_IMPLEMENTATIONS = YES;
				CLANG_WARN_DIRECT_OBJC_ISA_USAGE = YES_ERROR;
				CLANG_WARN_DOCUMENTATION_COMMENTS = YES;
				CLANG_WARN_EMPTY_BODY = YES;
				CLANG_WARN_ENUM_CONVERSION = YES;
				CLANG_WARN_INFINITE_RECURSION = YES;
				CLANG_WARN_INT_CONVERSION = YES;
				CLANG_WARN_NON_LITERAL_NULL_CONVERSION = YES;
				CLANG_WARN_OBJC_IMPLICIT_RETAIN_SELF = YES;
				CLANG_WARN_OBJC_LITERAL_CONVERSION = YES;
				CLANG_WARN_OBJC_ROOT_CLASS = YES_ERROR;
				CLANG_WARN_QUOTED_INCLUDE_IN_FRAMEWORK_HEADER = YES;
				CLANG_WARN_RANGE_LOOP_ANALYSIS = YES;
				CLANG_WARN_STRICT_PROTOTYPES = YES;
				CLANG_WARN_SUSPICIOUS_MOVE = YES;
				CLANG_WARN_UNGUARDED_AVAILABILITY = YES_AGGRESSIVE;
				CLANG_WARN_UNREACHABLE_CODE = YES;
				CLANG_WARN__DUPLICATE_METHOD_MATCH = YES;
				COPY_PHASE_STRIP = NO;
				DEBUG_INFORMATION_FORMAT = dwarf;
				ENABLE_STRICT_OBJC_MSGSEND = YES;
				ENABLE_TESTABILITY = YES;
				GCC_C_LANGUAGE_STANDARD = gnu11;
				GCC_DYNAMIC_NO_PIC = NO;
				GCC_NO_COMMON_BLOCKS = YES;
				GCC_OPTIMIZATION_LEVEL = 0;
				GCC_PREPROCESSOR_DEFINITIONS = (
					"DEBUG=1",
					"$(inherited)",
				);
				GCC_WARN_64_TO_32_BIT_CONVERSION = YES;
				GCC_WARN_ABOUT_RETURN_TYPE = YES_ERROR;
				GCC_WARN_UNDECLARED_SELECTOR = YES;
				GCC_WARN_UNINITIALIZED_AUTOS = YES_AGGRESSIVE;
				GCC_WARN_UNUSED_FUNCTION = YES;
				GCC_WARN_UNUSED_VARIABLE = YES;
				IPHONEOS_DEPLOYMENT_TARGET = 14.4;
				MTL_ENABLE_DEBUG_INFO = INCLUDE_SOURCE;
				MTL_FAST_MATH = YES;
				ONLY_ACTIVE_ARCH = YES;
				SDKROOT = iphoneos;
				SWIFT_ACTIVE_COMPILATION_CONDITIONS = DEBUG;
				SWIFT_OPTIMIZATION_LEVEL = "-Onone";
			};
			name = Debug;
		};
		1AAE604F25FFB15E00DD87D4 /* Release */ = {
			isa = XCBuildConfiguration;
			buildSettings = {
				ALWAYS_SEARCH_USER_PATHS = NO;
				CLANG_ANALYZER_NONNULL = YES;
				CLANG_ANALYZER_NUMBER_OBJECT_CONVERSION = YES_AGGRESSIVE;
				CLANG_CXX_LANGUAGE_STANDARD = "gnu++14";
				CLANG_CXX_LIBRARY = "libc++";
				CLANG_ENABLE_MODULES = YES;
				CLANG_ENABLE_OBJC_ARC = YES;
				CLANG_ENABLE_OBJC_WEAK = YES;
				CLANG_WARN_BLOCK_CAPTURE_AUTORELEASING = YES;
				CLANG_WARN_BOOL_CONVERSION = YES;
				CLANG_WARN_COMMA = YES;
				CLANG_WARN_CONSTANT_CONVERSION = YES;
				CLANG_WARN_DEPRECATED_OBJC_IMPLEMENTATIONS = YES;
				CLANG_WARN_DIRECT_OBJC_ISA_USAGE = YES_ERROR;
				CLANG_WARN_DOCUMENTATION_COMMENTS = YES;
				CLANG_WARN_EMPTY_BODY = YES;
				CLANG_WARN_ENUM_CONVERSION = YES;
				CLANG_WARN_INFINITE_RECURSION = YES;
				CLANG_WARN_INT_CONVERSION = YES;
				CLANG_WARN_NON_LITERAL_NULL_CONVERSION = YES;
				CLANG_WARN_OBJC_IMPLICIT_RETAIN_SELF = YES;
				CLANG_WARN_OBJC_LITERAL_CONVERSION = YES;
				CLANG_WARN_OBJC_ROOT_CLASS = YES_ERROR;
				CLANG_WARN_QUOTED_INCLUDE_IN_FRAMEWORK_HEADER = YES;
				CLANG_WARN_RANGE_LOOP_ANALYSIS = YES;
				CLANG_WARN_STRICT_PROTOTYPES = YES;
				CLANG_WARN_SUSPICIOUS_MOVE = YES;
				CLANG_WARN_UNGUARDED_AVAILABILITY = YES_AGGRESSIVE;
				CLANG_WARN_UNREACHABLE_CODE = YES;
				CLANG_WARN__DUPLICATE_METHOD_MATCH = YES;
				COPY_PHASE_STRIP = NO;
				DEBUG_INFORMATION_FORMAT = "dwarf-with-dsym";
				ENABLE_NS_ASSERTIONS = NO;
				ENABLE_STRICT_OBJC_MSGSEND = YES;
				GCC_C_LANGUAGE_STANDARD = gnu11;
				GCC_NO_COMMON_BLOCKS = YES;
				GCC_WARN_64_TO_32_BIT_CONVERSION = YES;
				GCC_WARN_ABOUT_RETURN_TYPE = YES_ERROR;
				GCC_WARN_UNDECLARED_SELECTOR = YES;
				GCC_WARN_UNINITIALIZED_AUTOS = YES_AGGRESSIVE;
				GCC_WARN_UNUSED_FUNCTION = YES;
				GCC_WARN_UNUSED_VARIABLE = YES;
				IPHONEOS_DEPLOYMENT_TARGET = 14.4;
				MTL_ENABLE_DEBUG_INFO = NO;
				MTL_FAST_MATH = YES;
				SDKROOT = iphoneos;
				SWIFT_COMPILATION_MODE = wholemodule;
				SWIFT_OPTIMIZATION_LEVEL = "-O";
				VALIDATE_PRODUCT = YES;
			};
			name = Release;
		};
		1AAE605125FFB15E00DD87D4 /* Debug */ = {
			isa = XCBuildConfiguration;
			buildSettings = {
				ASSETCATALOG_COMPILER_APPICON_NAME = AppIcon;
				ASSETCATALOG_COMPILER_GLOBAL_ACCENT_COLOR_NAME = AccentColor;
				CODE_SIGN_STYLE = Automatic;
				DEVELOPMENT_TEAM = 623KFYEN4J;
				INFOPLIST_FILE = CombineLoginForm/Info.plist;
				LD_RUNPATH_SEARCH_PATHS = (
					"$(inherited)",
					"@executable_path/Frameworks",
				);
				PRODUCT_BUNDLE_IDENTIFIER = com.iamrado.CombineLoginForm;
				PRODUCT_NAME = "$(TARGET_NAME)";
				SWIFT_VERSION = 5.0;
				TARGETED_DEVICE_FAMILY = "1,2";
			};
			name = Debug;
		};
		1AAE605225FFB15E00DD87D4 /* Release */ = {
			isa = XCBuildConfiguration;
			buildSettings = {
				ASSETCATALOG_COMPILER_APPICON_NAME = AppIcon;
				ASSETCATALOG_COMPILER_GLOBAL_ACCENT_COLOR_NAME = AccentColor;
				CODE_SIGN_STYLE = Automatic;
				DEVELOPMENT_TEAM = 623KFYEN4J;
				INFOPLIST_FILE = CombineLoginForm/Info.plist;
				LD_RUNPATH_SEARCH_PATHS = (
					"$(inherited)",
					"@executable_path/Frameworks",
				);
				PRODUCT_BUNDLE_IDENTIFIER = com.iamrado.CombineLoginForm;
				PRODUCT_NAME = "$(TARGET_NAME)";
				SWIFT_VERSION = 5.0;
				TARGETED_DEVICE_FAMILY = "1,2";
			};
			name = Release;
		};
/* End XCBuildConfiguration section */

/* Begin XCConfigurationList section */
		1AAE603725FFB15800DD87D4 /* Build configuration list for PBXProject "CombineLoginForm" */ = {
			isa = XCConfigurationList;
			buildConfigurations = (
				1AAE604E25FFB15E00DD87D4 /* Debug */,
				1AAE604F25FFB15E00DD87D4 /* Release */,
			);
			defaultConfigurationIsVisible = 0;
			defaultConfigurationName = Release;
		};
		1AAE605025FFB15E00DD87D4 /* Build configuration list for PBXNativeTarget "CombineLoginForm" */ = {
			isa = XCConfigurationList;
			buildConfigurations = (
				1AAE605125FFB15E00DD87D4 /* Debug */,
				1AAE605225FFB15E00DD87D4 /* Release */,
			);
			defaultConfigurationIsVisible = 0;
			defaultConfigurationName = Release;
		};
/* End XCConfigurationList section */

/* Begin XCRemoteSwiftPackageReference section */
		1A0F0BD02614A0DF00E27BD2 /* XCRemoteSwiftPackageReference "TimelaneCombine" */ = {
			isa = XCRemoteSwiftPackageReference;
			repositoryURL = "https://github.com/icanzilb/TimelaneCombine";
			requirement = {
				kind = upToNextMajorVersion;
				minimumVersion = 2.0.0;
			};
		};
/* End XCRemoteSwiftPackageReference section */

/* Begin XCSwiftPackageProductDependency section */
		1A0F0BD12614A0DF00E27BD2 /* TimelaneCombine */ = {
			isa = XCSwiftPackageProductDependency;
			package = 1A0F0BD02614A0DF00E27BD2 /* XCRemoteSwiftPackageReference "TimelaneCombine" */;
			productName = TimelaneCombine;
		};
/* End XCSwiftPackageProductDependency section */
	};
	rootObject = 1AAE603425FFB15800DD87D4 /* Project object */;
}
